{
  "name": "@aiduck/npmpublish",
  "version": "0.0.1",
  "lockfileVersion": 1,
  "requires": true,
  "dependencies": {
    "@tuia/rip": {
      "version": "0.1.6",
      "resolved": "https://registry.npmjs.org/@tuia/rip/-/rip-0.1.6.tgz",
      "integrity": "sha512-pyPJ/hR1TZMW1qVLeDgt6vrA1vkSiPDsMXB4eGrngOO5EgA4gos14vPzBv4G5rgGUS8EZvXQ/7TyA14i8B9j6Q==",
      "requires": {
        "md5": "^2.2.1",
        "rrweb": "^0.7.18",
        "whatwg-fetch": "^3.0.0"
      }
    },
    "@types/smoothscroll-polyfill": {
      "version": "0.3.1",
      "resolved": "https://registry.npmjs.org/@types/smoothscroll-polyfill/-/smoothscroll-polyfill-0.3.1.tgz",
      "integrity": "sha512-+KkHw4y+EyeCtVXET7woHUhIbfWFCflc0E0mZnSV+ZdjPQeHt/9KPEuT7gSW/kFQ8O3EG30PLO++YhChDt8+Ag=="
    },
    "charenc": {
      "version": "0.0.2",
      "resolved": "https://registry.npmjs.org/charenc/-/charenc-0.0.2.tgz",
      "integrity": "sha1-wKHS86cJLgN3S/qD8UwPxXkKhmc="
    },
    "crypt": {
      "version": "0.0.2",
      "resolved": "https://registry.npmjs.org/crypt/-/crypt-0.0.2.tgz",
      "integrity": "sha1-iNf/fsDfuG9xPch7u0LQRNPmxBs="
    },
    "is-buffer": {
      "version": "1.1.6",
      "resolved": "https://registry.npmjs.org/is-buffer/-/is-buffer-1.1.6.tgz",
      "integrity": "sha512-NcdALwpXkTm5Zvvbk7owOUSvVvBKDgKP5/ewfXEznmQFfs4ZRmanOeKBTjRVjka3QFoN6XJ+9F3USqfHqTaU5w=="
    },
    "md5": {
      "version": "2.2.1",
      "resolved": "https://registry.npmjs.org/md5/-/md5-2.2.1.tgz",
      "integrity": "sha1-U6s41f48iJG6RlMp6iP6wFQBJvk=",
      "requires": {
        "charenc": "~0.0.1",
        "crypt": "~0.0.1",
        "is-buffer": "~1.1.1"
      }
    },
    "mitt": {
      "version": "1.1.3",
      "resolved": "https://registry.npmjs.org/mitt/-/mitt-1.1.3.tgz",
      "integrity": "sha512-mUDCnVNsAi+eD6qA0HkRkwYczbLHJ49z17BGe2PYRhZL4wpZUFZGJHU7/5tmvohoma+Hdn0Vh/oJTiPEmgSruA=="
    },
    "rrweb": {
      "version": "0.7.23",
      "resolved": "https://registry.npmjs.org/rrweb/-/rrweb-0.7.23.tgz",
      "integrity": "sha512-SRiePCaFMK+PqlWgSocbeXdWwYQHrK9bvmnENIFvN8jL8HInEF59ZNTHumCh2mmkAt7DHknZwbiHDTiajXoHCw==",
      "requires": {
        "@types/smoothscroll-polyfill": "^0.3.0",
        "mitt": "^1.1.3",
        "rrweb-snapshot": "^0.7.16",
        "smoothscroll-polyfill": "^0.4.3"
      }
    },
    "rrweb-snapshot": {
      "version": "0.7.16",
      "resolved": "https://registry.npmjs.org/rrweb-snapshot/-/rrweb-snapshot-0.7.16.tgz",
      "integrity": "sha512-5CyLG9CZyEV/DjtcQNa4rhFqWxpMkfg/sk82E4QBnigiA38XuSzbVLe9wOIkL14rgNu/8r5JbtewE8x/aFCAgA=="
    },
    "smoothscroll-polyfill": {
      "version": "0.4.4",
      "resolved": "https://registry.npmjs.org/smoothscroll-polyfill/-/smoothscroll-polyfill-0.4.4.tgz",
      "integrity": "sha512-TK5ZA9U5RqCwMpfoMq/l1mrH0JAR7y7KRvOBx0n2869aLxch+gT9GhN3yUfjiw+d/DiF1mKo14+hd62JyMmoBg=="
    },
    "whatwg-fetch": {
      "version": "3.0.0",
      "resolved": "https://registry.npmjs.org/whatwg-fetch/-/whatwg-fetch-3.0.0.tgz",
      "integrity": "sha512-9GSJUgz1D4MfyKU7KRqwOjXCXTqWdFNvEr7eUBYchQiVc744mqK/MzXPNR2WsPkmkOa4ywfg8C2n8h+13Bey1Q=="
    }
  }
}
